// !$*UTF8*$!
{
	archiveVersion = 1;
	classes = {
	};
	objectVersion = 50;
	objects = {

/* Begin PBXBuildFile section */
		FA211CA92587F86400B53D6D /* AppDelegate.swift in Sources */ = {isa = PBXBuildFile; fileRef = FA211CA82587F86400B53D6D /* AppDelegate.swift */; };
		FA211CAB2587F86400B53D6D /* SceneDelegate.swift in Sources */ = {isa = PBXBuildFile; fileRef = FA211CAA2587F86400B53D6D /* SceneDelegate.swift */; };
		FA211CAD2587F86400B53D6D /* ViewController.swift in Sources */ = {isa = PBXBuildFile; fileRef = FA211CAC2587F86400B53D6D /* ViewController.swift */; };
		FA211CB02587F86400B53D6D /* Main.storyboard in Resources */ = {isa = PBXBuildFile; fileRef = FA211CAE2587F86400B53D6D /* Main.storyboard */; };
		FA211CB32587F86400B53D6D /* Less_Traveled.xcdatamodeld in Sources */ = {isa = PBXBuildFile; fileRef = FA211CB12587F86400B53D6D /* Less_Traveled.xcdatamodeld */; };
		FA211CB52587F86500B53D6D /* Assets.xcassets in Resources */ = {isa = PBXBuildFile; fileRef = FA211CB42587F86500B53D6D /* Assets.xcassets */; };
		FA211CB82587F86500B53D6D /* LaunchScreen.storyboard in Resources */ = {isa = PBXBuildFile; fileRef = FA211CB62587F86500B53D6D /* LaunchScreen.storyboard */; };
/* End PBXBuildFile section */

/* Begin PBXFileReference section */
		FA211CA52587F86300B53D6D /* Less Traveled.app */ = {isa = PBXFileReference; explicitFileType = wrapper.application; includeInIndex = 0; path = "Less Traveled.app"; sourceTree = BUILT_PRODUCTS_DIR; };
		FA211CA82587F86400B53D6D /* AppDelegate.swift */ = {isa = PBXFileReference; lastKnownFileType = sourcecode.swift; path = AppDelegate.swift; sourceTree = "<group>"; };
		FA211CAA2587F86400B53D6D /* SceneDelegate.swift */ = {isa = PBXFileReference; lastKnownFileType = sourcecode.swift; path = SceneDelegate.swift; sourceTree = "<group>"; };
		FA211CAC2587F86400B53D6D /* ViewController.swift */ = {isa = PBXFileReference; lastKnownFileType = sourcecode.swift; path = ViewController.swift; sourceTree = "<group>"; };
		FA211CAF2587F86400B53D6D /* Base */ = {isa = PBXFileReference; lastKnownFileType = file.storyboard; name = Base; path = Base.lproj/Main.storyboard; sourceTree = "<group>"; };
		FA211CB22587F86400B53D6D /* Less_Traveled.xcdatamodel */ = {isa = PBXFileReference; lastKnownFileType = wrapper.xcdatamodel; path = Less_Traveled.xcdatamodel; sourceTree = "<group>"; };
		FA211CB42587F86500B53D6D /* Assets.xcassets */ = {isa = PBXFileReference; lastKnownFileType = folder.assetcatalog; path = Assets.xcassets; sourceTree = "<group>"; };
		FA211CB72587F86500B53D6D /* Base */ = {isa = PBXFileReference; lastKnownFileType = file.storyboard; name = Base; path = Base.lproj/LaunchScreen.storyboard; sourceTree = "<group>"; };
		FA211CB92587F86500B53D6D /* Info.plist */ = {isa = PBXFileReference; lastKnownFileType = text.plist.xml; path = Info.plist; sourceTree = "<group>"; };
/* End PBXFileReference section */

/* Begin PBXFrameworksBuildPhase section */
		FA211CA22587F86300B53D6D /* Frameworks */ = {
			isa = PBXFrameworksBuildPhase;
			buildActionMask = 2147483647;
			files = (
			);
			runOnlyForDeploymentPostprocessing = 0;
		};
/* End PBXFrameworksBuildPhase section */

/* Begin PBXGroup section */
		FA211C9C2587F86300B53D6D = {
			isa = PBXGroup;
			children = (
				FA211CA72587F86300B53D6D /* Less Traveled */,
				FA211CA62587F86300B53D6D /* Products */,
			);
			sourceTree = "<group>";
		};
		FA211CA62587F86300B53D6D /* Products */ = {
			isa = PBXGroup;
			children = (
				FA211CA52587F86300B53D6D /* Less Traveled.app */,
			);
			name = Products;
			sourceTree = "<group>";
		};
		FA211CA72587F86300B53D6D /* Less Traveled */ = {
			isa = PBXGroup;
			children = (
				FA211CA82587F86400B53D6D /* AppDelegate.swift */,
				FA211CAA2587F86400B53D6D /* SceneDelegate.swift */,
				FA211CAC2587F86400B53D6D /* ViewController.swift */,
				FA211CAE2587F86400B53D6D /* Main.storyboard */,
				FA211CB42587F86500B53D6D /* Assets.xcassets */,
				FA211CB62587F86500B53D6D /* LaunchScreen.storyboard */,
				FA211CB92587F86500B53D6D /* Info.plist */,
				FA211CB12587F86400B53D6D /* Less_Traveled.xcdatamodeld */,
			);
			path = "Less Traveled";
			sourceTree = "<group>";
		};
/* End PBXGroup section */

/* Begin PBXNativeTarget section */
		FA211CA42587F86300B53D6D /* Less Traveled */ = {
			isa = PBXNativeTarget;
			buildConfigurationList = FA211CBC2587F86500B53D6D /* Build configuration list for PBXNativeTarget "Less Traveled" */;
			buildPhases = (
				FA211CA12587F86300B53D6D /* Sources */,
				FA211CA22587F86300B53D6D /* Frameworks */,
				FA211CA32587F86300B53D6D /* Resources */,
			);
			buildRules = (
			);
			dependencies = (
			);
			name = "Less Traveled";
			productName = "Less Traveled";
			productReference = FA211CA52587F86300B53D6D /* Less Traveled.app */;
			productType = "com.apple.product-type.application";
		};
/* End PBXNativeTarget section */

/* Begin PBXProject section */
		FA211C9D2587F86300B53D6D /* Project object */ = {
			isa = PBXProject;
			attributes = {
				LastSwiftUpdateCheck = 1200;
				LastUpgradeCheck = 1200;
				TargetAttributes = {
					FA211CA42587F86300B53D6D = {
						CreatedOnToolsVersion = 12.0.1;
					};
				};
			};
			buildConfigurationList = FA211CA02587F86300B53D6D /* Build configuration list for PBXProject "Less Traveled" */;
			compatibilityVersion = "Xcode 9.3";
			developmentRegion = en;
			hasScannedForEncodings = 0;
			knownRegions = (
				en,
				Base,
			);
			mainGroup = FA211C9C2587F86300B53D6D;
			productRefGroup = FA211CA62587F86300B53D6D /* Products */;
			projectDirPath = "";
			projectRoot = "";
			targets = (
				FA211CA42587F86300B53D6D /* Less Traveled */,
			);
		};
/* End PBXProject section */

/* Begin PBXResourcesBuildPhase section */
		FA211CA32587F86300B53D6D /* Resources */ = {
			isa = PBXResourcesBuildPhase;
			buildActionMask = 2147483647;
			files = (
				FA211CB82587F86500B53D6D /* LaunchScreen.storyboard in Resources */,
				FA211CB52587F86500B53D6D /* Assets.xcassets in Resources */,
				FA211CB02587F86400B53D6D /* Main.storyboard in Resources */,
			);
			runOnlyForDeploymentPostprocessing = 0;
		};
/* End PBXResourcesBuildPhase section */

/* Begin PBXSourcesBuildPhase section */
		FA211CA12587F86300B53D6D /* Sources */ = {
			isa = PBXSourcesBuildPhase;
			buildActionMask = 2147483647;
			files = (
				FA211CAD2587F86400B53D6D /* ViewController.swift in Sources */,
				FA211CA92587F86400B53D6D /* AppDelegate.swift in Sources */,
				FA211CAB2587F86400B53D6D /* SceneDelegate.swift in Sources */,
				FA211CB32587F86400B53D6D /* Less_Traveled.xcdatamodeld in Sources */,
			);
			runOnlyForDeploymentPostprocessing = 0;
		};
/* End PBXSourcesBuildPhase section */

/* Begin PBXVariantGroup section */
		FA211CAE2587F86400B53D6D /* Main.storyboard */ = {
			isa = PBXVariantGroup;
			children = (
				FA211CAF2587F86400B53D6D /* Base */,
			);
			name = Main.storyboard;
			sourceTree = "<group>";
		};
		FA211CB62587F86500B53D6D /* LaunchScreen.storyboard */ = {
			isa = PBXVariantGroup;
			children = (
				FA211CB72587F86500B53D6D /* Base */,
			);
			name = LaunchScreen.storyboard;
			sourceTree = "<group>";
		};
/* End PBXVariantGroup section */

/* Begin XCBuildConfiguration section */
		FA211CBA2587F86500B53D6D /* Debug */ = {
			isa = XCBuildConfiguration;
			buildSettings = {
				ALWAYS_SEARCH_USER_PATHS = NO;
				CLANG_ANALYZER_NONNULL = YES;
				CLANG_ANALYZER_NUMBER_OBJECT_CONVERSION = YES_AGGRESSIVE;
				CLANG_CXX_LANGUAGE_STANDARD = "gnu++14";
				CLANG_CXX_LIBRARY = "libc++";
				CLANG_ENABLE_MODULES = YES;
				CLANG_ENABLE_OBJC_ARC = YES;
				CLANG_ENABLE_OBJC_WEAK = YES;
				CLANG_WARN_BLOCK_CAPTURE_AUTORELEASING = YES;
				CLANG_WARN_BOOL_CONVERSION = YES;
				CLANG_WARN_COMMA = YES;
				CLANG_WARN_CONSTANT_CONVERSION = YES;
				CLANG_WARN_DEPRECATED_OBJC_IMPLEMENTATIONS = YES;
				CLANG_WARN_DIRECT_OBJC_ISA_USAGE = YES_ERROR;
				CLANG_WARN_DOCUMENTATION_COMMENTS = YES;
				CLANG_WARN_EMPTY_BODY = YES;
				CLANG_WARN_ENUM_CONVERSION = YES;
				CLANG_WARN_INFINITE_RECURSION = YES;
				CLANG_WARN_INT_CONVERSION = YES;
				CLANG_WARN_NON_LITERAL_NULL_CONVERSION = YES;
				CLANG_WARN_OBJC_IMPLICIT_RETAIN_SELF = YES;
				CLANG_WARN_OBJC_LITERAL_CONVERSION = YES;
				CLANG_WARN_OBJC_ROOT_CLASS = YES_ERROR;
				CLANG_WARN_QUOTED_INCLUDE_IN_FRAMEWORK_HEADER = YES;
				CLANG_WARN_RANGE_LOOP_ANALYSIS = YES;
				CLANG_WARN_STRICT_PROTOTYPES = YES;
				CLANG_WARN_SUSPICIOUS_MOVE = YES;
				CLANG_WARN_UNGUARDED_AVAILABILITY = YES_AGGRESSIVE;
				CLANG_WARN_UNREACHABLE_CODE = YES;
				CLANG_WARN__DUPLICATE_METHOD_MATCH = YES;
				COPY_PHASE_STRIP = NO;
				DEBUG_INFORMATION_FORMAT = dwarf;
				ENABLE_STRICT_OBJC_MSGSEND = YES;
				ENABLE_TESTABILITY = YES;
				GCC_C_LANGUAGE_STANDARD = gnu11;
				GCC_DYNAMIC_NO_PIC = NO;
				GCC_NO_COMMON_BLOCKS = YES;
				GCC_OPTIMIZATION_LEVEL = 0;
				GCC_PREPROCESSOR_DEFINITIONS = (
					"DEBUG=1",
					"$(inherited)",
				);
				GCC_WARN_64_TO_32_BIT_CONVERSION = YES;
				GCC_WARN_ABOUT_RETURN_TYPE = YES_ERROR;
				GCC_WARN_UNDECLARED_SELECTOR = YES;
				GCC_WARN_UNINITIALIZED_AUTOS = YES_AGGRESSIVE;
				GCC_WARN_UNUSED_FUNCTION = YES;
				GCC_WARN_UNUSED_VARIABLE = YES;
				IPHONEOS_DEPLOYMENT_TARGET = 14.0;
				MTL_ENABLE_DEBUG_INFO = INCLUDE_SOURCE;
				MTL_FAST_MATH = YES;
				ONLY_ACTIVE_ARCH = YES;
				SDKROOT = iphoneos;
				SWIFT_ACTIVE_COMPILATION_CONDITIONS = DEBUG;
				SWIFT_OPTIMIZATION_LEVEL = "-Onone";
			};
			name = Debug;
		};
		FA211CBB2587F86500B53D6D /* Release */ = {
			isa = XCBuildConfiguration;
			buildSettings = {
				ALWAYS_SEARCH_USER_PATHS = NO;
				CLANG_ANALYZER_NONNULL = YES;
				CLANG_ANALYZER_NUMBER_OBJECT_CONVERSION = YES_AGGRESSIVE;
				CLANG_CXX_LANGUAGE_STANDARD = "gnu++14";
				CLANG_CXX_LIBRARY = "libc++";
				CLANG_ENABLE_MODULES = YES;
				CLANG_ENABLE_OBJC_ARC = YES;
				CLANG_ENABLE_OBJC_WEAK = YES;
				CLANG_WARN_BLOCK_CAPTURE_AUTORELEASING = YES;
				CLANG_WARN_BOOL_CONVERSION = YES;
				CLANG_WARN_COMMA = YES;
				CLANG_WARN_CONSTANT_CONVERSION = YES;
				CLANG_WARN_DEPRECATED_OBJC_IMPLEMENTATIONS = YES;
				CLANG_WARN_DIRECT_OBJC_ISA_USAGE = YES_ERROR;
				CLANG_WARN_DOCUMENTATION_COMMENTS = YES;
				CLANG_WARN_EMPTY_BODY = YES;
				CLANG_WARN_ENUM_CONVERSION = YES;
				CLANG_WARN_INFINITE_RECURSION = YES;
				CLANG_WARN_INT_CONVERSION = YES;
				CLANG_WARN_NON_LITERAL_NULL_CONVERSION = YES;
				CLANG_WARN_OBJC_IMPLICIT_RETAIN_SELF = YES;
				CLANG_WARN_OBJC_LITERAL_CONVERSION = YES;
				CLANG_WARN_OBJC_ROOT_CLASS = YES_ERROR;
				CLANG_WARN_QUOTED_INCLUDE_IN_FRAMEWORK_HEADER = YES;
				CLANG_WARN_RANGE_LOOP_ANALYSIS = YES;
				CLANG_WARN_STRICT_PROTOTYPES = YES;
				CLANG_WARN_SUSPICIOUS_MOVE = YES;
				CLANG_WARN_UNGUARDED_AVAILABILITY = YES_AGGRESSIVE;
				CLANG_WARN_UNREACHABLE_CODE = YES;
				CLANG_WARN__DUPLICATE_METHOD_MATCH = YES;
				COPY_PHASE_STRIP = NO;
				DEBUG_INFORMATION_FORMAT = "dwarf-with-dsym";
				ENABLE_NS_ASSERTIONS = NO;
				ENABLE_STRICT_OBJC_MSGSEND = YES;
				GCC_C_LANGUAGE_STANDARD = gnu11;
				GCC_NO_COMMON_BLOCKS = YES;
				GCC_WARN_64_TO_32_BIT_CONVERSION = YES;
				GCC_WARN_ABOUT_RETURN_TYPE = YES_ERROR;
				GCC_WARN_UNDECLARED_SELECTOR = YES;
				GCC_WARN_UNINITIALIZED_AUTOS = YES_AGGRESSIVE;
				GCC_WARN_UNUSED_FUNCTION = YES;
				GCC_WARN_UNUSED_VARIABLE = YES;
				IPHONEOS_DEPLOYMENT_TARGET = 14.0;
				MTL_ENABLE_DEBUG_INFO = NO;
				MTL_FAST_MATH = YES;
				SDKROOT = iphoneos;
				SWIFT_COMPILATION_MODE = wholemodule;
				SWIFT_OPTIMIZATION_LEVEL = "-O";
				VALIDATE_PRODUCT = YES;
			};
			name = Release;
		};
		FA211CBD2587F86500B53D6D /* Debug */ = {
			isa = XCBuildConfiguration;
			buildSettings = {
				ASSETCATALOG_COMPILER_APPICON_NAME = AppIcon;
				ASSETCATALOG_COMPILER_GLOBAL_ACCENT_COLOR_NAME = AccentColor;
				CODE_SIGN_STYLE = Automatic;
				INFOPLIST_FILE = "Less Traveled/Info.plist";
				LD_RUNPATH_SEARCH_PATHS = (
					"$(inherited)",
					"@executable_path/Frameworks",
				);
				PRODUCT_BUNDLE_IDENTIFIER = "me.alexgisi.Less-Traveled";
				PRODUCT_NAME = "$(TARGET_NAME)";
				SWIFT_VERSION = 5.0;
				TARGETED_DEVICE_FAMILY = "1,2";
			};
			name = Debug;
		};
		FA211CBE2587F86500B53D6D /* Release */ = {
			isa = XCBuildConfiguration;
			buildSettings = {
				ASSETCATALOG_COMPILER_APPICON_NAME = AppIcon;
				ASSETCATALOG_COMPILER_GLOBAL_ACCENT_COLOR_NAME = AccentColor;
				CODE_SIGN_STYLE = Automatic;
				INFOPLIST_FILE = "Less Traveled/Info.plist";
				LD_RUNPATH_SEARCH_PATHS = (
					"$(inherited)",
					"@executable_path/Frameworks",
				);
				PRODUCT_BUNDLE_IDENTIFIER = "me.alexgisi.Less-Traveled";
				PRODUCT_NAME = "$(TARGET_NAME)";
				SWIFT_VERSION = 5.0;
				TARGETED_DEVICE_FAMILY = "1,2";
			};
			name = Release;
		};
/* End XCBuildConfiguration section */

/* Begin XCConfigurationList section */
		FA211CA02587F86300B53D6D /* Build configuration list for PBXProject "Less Traveled" */ = {
			isa = XCConfigurationList;
			buildConfigurations = (
				FA211CBA2587F86500B53D6D /* Debug */,
				FA211CBB2587F86500B53D6D /* Release */,
			);
			defaultConfigurationIsVisible = 0;
			defaultConfigurationName = Release;
		};
		FA211CBC2587F86500B53D6D /* Build configuration list for PBXNativeTarget "Less Traveled" */ = {
			isa = XCConfigurationList;
			buildConfigurations = (
				FA211CBD2587F86500B53D6D /* Debug */,
				FA211CBE2587F86500B53D6D /* Release */,
			);
			defaultConfigurationIsVisible = 0;
			defaultConfigurationName = Release;
		};
/* End XCConfigurationList section */

/* Begin XCVersionGroup section */
		FA211CB12587F86400B53D6D /* Less_Traveled.xcdatamodeld */ = {
			isa = XCVersionGroup;
			children = (
				FA211CB22587F86400B53D6D /* Less_Traveled.xcdatamodel */,
			);
			currentVersion = FA211CB22587F86400B53D6D /* Less_Traveled.xcdatamodel */;
			path = Less_Traveled.xcdatamodeld;
			sourceTree = "<group>";
			versionGroupType = wrapper.xcdatamodel;
		};
/* End XCVersionGroup section */
	};
	rootObject = FA211C9D2587F86300B53D6D /* Project object */;
}
